// !$*UTF8*$!
{
	archiveVersion = 1;
	classes = {
	};
	objectVersion = 50;
	objects = {

/* Begin PBXBuildFile section */
		589152B1261507AA003A3EAC /* Gist.swift in Sources */ = {isa = PBXBuildFile; fileRef = 589152B0261507AA003A3EAC /* Gist.swift */; };
		589152B726150918003A3EAC /* GistManager.swift in Sources */ = {isa = PBXBuildFile; fileRef = 589152B626150918003A3EAC /* GistManager.swift */; };
		589152BA2615098E003A3EAC /* Constants.swift in Sources */ = {isa = PBXBuildFile; fileRef = 589152B92615098E003A3EAC /* Constants.swift */; };
		589153142616584F003A3EAC /* GistViewController.swift in Sources */ = {isa = PBXBuildFile; fileRef = 589153132616584F003A3EAC /* GistViewController.swift */; };
		589153182616BEBD003A3EAC /* GistBuilder.swift in Sources */ = {isa = PBXBuildFile; fileRef = 589153172616BEBD003A3EAC /* GistBuilder.swift */; };
		589153312617BD29003A3EAC /* GistServices.swift in Sources */ = {isa = PBXBuildFile; fileRef = 589153302617BD29003A3EAC /* GistServices.swift */; };
		5891535F2617FF28003A3EAC /* GistComment.swift in Sources */ = {isa = PBXBuildFile; fileRef = 5891535E2617FF28003A3EAC /* GistComment.swift */; };
		589153622617FF4D003A3EAC /* GistCommit.swift in Sources */ = {isa = PBXBuildFile; fileRef = 589153612617FF4D003A3EAC /* GistCommit.swift */; };
		589153652617FF5D003A3EAC /* GistFile.swift in Sources */ = {isa = PBXBuildFile; fileRef = 589153642617FF5D003A3EAC /* GistFile.swift */; };
		58915372261847F3003A3EAC /* SpinnerViewController.swift in Sources */ = {isa = PBXBuildFile; fileRef = 58915371261847F3003A3EAC /* SpinnerViewController.swift */; };
		5891537B2618D59B003A3EAC /* FileTableViewCell.swift in Sources */ = {isa = PBXBuildFile; fileRef = 589153792618D59A003A3EAC /* FileTableViewCell.swift */; };
		5891537C2618D59B003A3EAC /* FileTableViewCell.xib in Resources */ = {isa = PBXBuildFile; fileRef = 5891537A2618D59A003A3EAC /* FileTableViewCell.xib */; };
		589153812618F60F003A3EAC /* CommentTableViewCell.swift in Sources */ = {isa = PBXBuildFile; fileRef = 5891537F2618F60F003A3EAC /* CommentTableViewCell.swift */; };
		589153822618F60F003A3EAC /* CommentTableViewCell.xib in Resources */ = {isa = PBXBuildFile; fileRef = 589153802618F60F003A3EAC /* CommentTableViewCell.xib */; };
		589153B926197F2F003A3EAC /* GoogleService-Info.plist in Resources */ = {isa = PBXBuildFile; fileRef = 589153B826197F2F003A3EAC /* GoogleService-Info.plist */; };
		589153BC261984CF003A3EAC /* SignInViewController.swift in Sources */ = {isa = PBXBuildFile; fileRef = 589153BB261984CF003A3EAC /* SignInViewController.swift */; };
		589153C7261AD63C003A3EAC /* Font Awesome 5 Brands Regular.ttf in Resources */ = {isa = PBXBuildFile; fileRef = 589153C6261AD63C003A3EAC /* Font Awesome 5 Brands Regular.ttf */; };
		5891CD802614BC3A00CF1076 /* AppDelegate.swift in Sources */ = {isa = PBXBuildFile; fileRef = 5891CD7F2614BC3A00CF1076 /* AppDelegate.swift */; };
		5891CD822614BC3A00CF1076 /* SceneDelegate.swift in Sources */ = {isa = PBXBuildFile; fileRef = 5891CD812614BC3A00CF1076 /* SceneDelegate.swift */; };
		5891CD842614BC3A00CF1076 /* ScanViewController.swift in Sources */ = {isa = PBXBuildFile; fileRef = 5891CD832614BC3A00CF1076 /* ScanViewController.swift */; };
		5891CD872614BC3A00CF1076 /* Main.storyboard in Resources */ = {isa = PBXBuildFile; fileRef = 5891CD852614BC3A00CF1076 /* Main.storyboard */; };
		5891CD892614BC3E00CF1076 /* Assets.xcassets in Resources */ = {isa = PBXBuildFile; fileRef = 5891CD882614BC3E00CF1076 /* Assets.xcassets */; };
		5891CD8C2614BC3E00CF1076 /* LaunchScreen.storyboard in Resources */ = {isa = PBXBuildFile; fileRef = 5891CD8A2614BC3E00CF1076 /* LaunchScreen.storyboard */; };
		58C84A98261BF639009E0C9C /* UserAuthSingleton.swift in Sources */ = {isa = PBXBuildFile; fileRef = 58C84A97261BF639009E0C9C /* UserAuthSingleton.swift */; };
		9418895C268E21D100FE8C0A /* Authentication.swift in Sources */ = {isa = PBXBuildFile; fileRef = 9418895B268E21D100FE8C0A /* Authentication.swift */; };
		94188962268E4ED000FE8C0A /* AccountModel.swift in Sources */ = {isa = PBXBuildFile; fileRef = 94188961268E4ED000FE8C0A /* AccountModel.swift */; };
		94188971268E4FD000FE8C0A /* Data.framework in Frameworks */ = {isa = PBXBuildFile; fileRef = 94188968268E4FD000FE8C0A /* Data.framework */; };
		94188976268E4FD000FE8C0A /* DataTests.swift in Sources */ = {isa = PBXBuildFile; fileRef = 94188975268E4FD000FE8C0A /* DataTests.swift */; };
		94188980268E50D400FE8C0A /* Domain.framework in Frameworks */ = {isa = PBXBuildFile; fileRef = 94188953268E216100FE8C0A /* Domain.framework */; };
		94188981268E50D400FE8C0A /* Domain.framework in Embed Frameworks */ = {isa = PBXBuildFile; fileRef = 94188953268E216100FE8C0A /* Domain.framework */; settings = {ATTRIBUTES = (CodeSignOnCopy, RemoveHeadersOnCopy, ); }; };
/* End PBXBuildFile section */

/* Begin PBXContainerItemProxy section */
		94188972268E4FD000FE8C0A /* PBXContainerItemProxy */ = {
			isa = PBXContainerItemProxy;
			containerPortal = 5891CD742614BC3A00CF1076 /* Project object */;
			proxyType = 1;
			remoteGlobalIDString = 94188967268E4FD000FE8C0A;
			remoteInfo = Data;
		};
		94188982268E50D400FE8C0A /* PBXContainerItemProxy */ = {
			isa = PBXContainerItemProxy;
			containerPortal = 5891CD742614BC3A00CF1076 /* Project object */;
			proxyType = 1;
			remoteGlobalIDString = 94188952268E216100FE8C0A;
			remoteInfo = Domain;
		};
/* End PBXContainerItemProxy section */

/* Begin PBXCopyFilesBuildPhase section */
		58C84AAA261C4877009E0C9C /* Embed Frameworks */ = {
			isa = PBXCopyFilesBuildPhase;
			buildActionMask = 2147483647;
			dstPath = "";
			dstSubfolderSpec = 10;
			files = (
			);
			name = "Embed Frameworks";
			runOnlyForDeploymentPostprocessing = 0;
		};
		94188984268E50D500FE8C0A /* Embed Frameworks */ = {
			isa = PBXCopyFilesBuildPhase;
			buildActionMask = 2147483647;
			dstPath = "";
			dstSubfolderSpec = 10;
			files = (
				94188981268E50D400FE8C0A /* Domain.framework in Embed Frameworks */,
			);
			name = "Embed Frameworks";
			runOnlyForDeploymentPostprocessing = 0;
		};
/* End PBXCopyFilesBuildPhase section */

/* Begin PBXFileReference section */
		589152B0261507AA003A3EAC /* Gist.swift */ = {isa = PBXFileReference; lastKnownFileType = sourcecode.swift; path = Gist.swift; sourceTree = "<group>"; };
		589152B626150918003A3EAC /* GistManager.swift */ = {isa = PBXFileReference; lastKnownFileType = sourcecode.swift; path = GistManager.swift; sourceTree = "<group>"; };
		589152B92615098E003A3EAC /* Constants.swift */ = {isa = PBXFileReference; lastKnownFileType = sourcecode.swift; path = Constants.swift; sourceTree = "<group>"; };
		589153132616584F003A3EAC /* GistViewController.swift */ = {isa = PBXFileReference; lastKnownFileType = sourcecode.swift; path = GistViewController.swift; sourceTree = "<group>"; };
		589153172616BEBD003A3EAC /* GistBuilder.swift */ = {isa = PBXFileReference; lastKnownFileType = sourcecode.swift; path = GistBuilder.swift; sourceTree = "<group>"; };
		589153302617BD29003A3EAC /* GistServices.swift */ = {isa = PBXFileReference; lastKnownFileType = sourcecode.swift; path = GistServices.swift; sourceTree = "<group>"; };
		5891535E2617FF28003A3EAC /* GistComment.swift */ = {isa = PBXFileReference; lastKnownFileType = sourcecode.swift; path = GistComment.swift; sourceTree = "<group>"; };
		589153612617FF4D003A3EAC /* GistCommit.swift */ = {isa = PBXFileReference; lastKnownFileType = sourcecode.swift; path = GistCommit.swift; sourceTree = "<group>"; };
		589153642617FF5D003A3EAC /* GistFile.swift */ = {isa = PBXFileReference; lastKnownFileType = sourcecode.swift; path = GistFile.swift; sourceTree = "<group>"; };
		58915371261847F3003A3EAC /* SpinnerViewController.swift */ = {isa = PBXFileReference; lastKnownFileType = sourcecode.swift; path = SpinnerViewController.swift; sourceTree = "<group>"; };
		589153792618D59A003A3EAC /* FileTableViewCell.swift */ = {isa = PBXFileReference; lastKnownFileType = sourcecode.swift; path = FileTableViewCell.swift; sourceTree = "<group>"; };
		5891537A2618D59A003A3EAC /* FileTableViewCell.xib */ = {isa = PBXFileReference; lastKnownFileType = file.xib; path = FileTableViewCell.xib; sourceTree = "<group>"; };
		5891537F2618F60F003A3EAC /* CommentTableViewCell.swift */ = {isa = PBXFileReference; lastKnownFileType = sourcecode.swift; path = CommentTableViewCell.swift; sourceTree = "<group>"; };
		589153802618F60F003A3EAC /* CommentTableViewCell.xib */ = {isa = PBXFileReference; lastKnownFileType = file.xib; path = CommentTableViewCell.xib; sourceTree = "<group>"; };
		589153B826197F2F003A3EAC /* GoogleService-Info.plist */ = {isa = PBXFileReference; fileEncoding = 4; lastKnownFileType = text.plist.xml; path = "GoogleService-Info.plist"; sourceTree = "<group>"; };
		589153BB261984CF003A3EAC /* SignInViewController.swift */ = {isa = PBXFileReference; lastKnownFileType = sourcecode.swift; path = SignInViewController.swift; sourceTree = "<group>"; };
		589153C6261AD63C003A3EAC /* Font Awesome 5 Brands Regular.ttf */ = {isa = PBXFileReference; lastKnownFileType = file; path = "Font Awesome 5 Brands Regular.ttf"; sourceTree = "<group>"; };
		5891CD7C2614BC3A00CF1076 /* GistGG.app */ = {isa = PBXFileReference; explicitFileType = wrapper.application; includeInIndex = 0; path = GistGG.app; sourceTree = BUILT_PRODUCTS_DIR; };
		5891CD7F2614BC3A00CF1076 /* AppDelegate.swift */ = {isa = PBXFileReference; lastKnownFileType = sourcecode.swift; path = AppDelegate.swift; sourceTree = "<group>"; };
		5891CD812614BC3A00CF1076 /* SceneDelegate.swift */ = {isa = PBXFileReference; lastKnownFileType = sourcecode.swift; path = SceneDelegate.swift; sourceTree = "<group>"; };
		5891CD832614BC3A00CF1076 /* ScanViewController.swift */ = {isa = PBXFileReference; lastKnownFileType = sourcecode.swift; path = ScanViewController.swift; sourceTree = "<group>"; };
		5891CD862614BC3A00CF1076 /* Base */ = {isa = PBXFileReference; lastKnownFileType = file.storyboard; name = Base; path = Base.lproj/Main.storyboard; sourceTree = "<group>"; };
		5891CD882614BC3E00CF1076 /* Assets.xcassets */ = {isa = PBXFileReference; lastKnownFileType = folder.assetcatalog; path = Assets.xcassets; sourceTree = "<group>"; };
		5891CD8B2614BC3E00CF1076 /* Base */ = {isa = PBXFileReference; lastKnownFileType = file.storyboard; name = Base; path = Base.lproj/LaunchScreen.storyboard; sourceTree = "<group>"; };
		5891CD8D2614BC3E00CF1076 /* Info.plist */ = {isa = PBXFileReference; lastKnownFileType = text.plist.xml; path = Info.plist; sourceTree = "<group>"; };
		58C84A97261BF639009E0C9C /* UserAuthSingleton.swift */ = {isa = PBXFileReference; lastKnownFileType = sourcecode.swift; path = UserAuthSingleton.swift; sourceTree = "<group>"; };
		94188953268E216100FE8C0A /* Domain.framework */ = {isa = PBXFileReference; explicitFileType = wrapper.framework; includeInIndex = 0; path = Domain.framework; sourceTree = BUILT_PRODUCTS_DIR; };
		94188956268E216200FE8C0A /* Info.plist */ = {isa = PBXFileReference; lastKnownFileType = text.plist.xml; path = Info.plist; sourceTree = "<group>"; };
		9418895B268E21D100FE8C0A /* Authentication.swift */ = {isa = PBXFileReference; lastKnownFileType = sourcecode.swift; path = Authentication.swift; sourceTree = "<group>"; };
		94188961268E4ED000FE8C0A /* AccountModel.swift */ = {isa = PBXFileReference; lastKnownFileType = sourcecode.swift; path = AccountModel.swift; sourceTree = "<group>"; };
		94188968268E4FD000FE8C0A /* Data.framework */ = {isa = PBXFileReference; explicitFileType = wrapper.framework; includeInIndex = 0; path = Data.framework; sourceTree = BUILT_PRODUCTS_DIR; };
		9418896B268E4FD000FE8C0A /* Info.plist */ = {isa = PBXFileReference; lastKnownFileType = text.plist.xml; path = Info.plist; sourceTree = "<group>"; };
		94188970268E4FD000FE8C0A /* DataTests.xctest */ = {isa = PBXFileReference; explicitFileType = wrapper.cfbundle; includeInIndex = 0; path = DataTests.xctest; sourceTree = BUILT_PRODUCTS_DIR; };
		94188975268E4FD000FE8C0A /* DataTests.swift */ = {isa = PBXFileReference; lastKnownFileType = sourcecode.swift; path = DataTests.swift; sourceTree = "<group>"; };
		94188977268E4FD100FE8C0A /* Info.plist */ = {isa = PBXFileReference; lastKnownFileType = text.plist.xml; path = Info.plist; sourceTree = "<group>"; };
/* End PBXFileReference section */

/* Begin PBXFrameworksBuildPhase section */
		5891CD792614BC3A00CF1076 /* Frameworks */ = {
			isa = PBXFrameworksBuildPhase;
			buildActionMask = 2147483647;
			files = (
			);
			runOnlyForDeploymentPostprocessing = 0;
		};
		94188950268E216100FE8C0A /* Frameworks */ = {
			isa = PBXFrameworksBuildPhase;
			buildActionMask = 2147483647;
			files = (
			);
			runOnlyForDeploymentPostprocessing = 0;
		};
		94188965268E4FD000FE8C0A /* Frameworks */ = {
			isa = PBXFrameworksBuildPhase;
			buildActionMask = 2147483647;
			files = (
				94188980268E50D400FE8C0A /* Domain.framework in Frameworks */,
			);
			runOnlyForDeploymentPostprocessing = 0;
		};
		9418896D268E4FD000FE8C0A /* Frameworks */ = {
			isa = PBXFrameworksBuildPhase;
			buildActionMask = 2147483647;
			files = (
				94188971268E4FD000FE8C0A /* Data.framework in Frameworks */,
			);
			runOnlyForDeploymentPostprocessing = 0;
		};
/* End PBXFrameworksBuildPhase section */

/* Begin PBXGroup section */
		589152AC2615071C003A3EAC /* View */ = {
			isa = PBXGroup;
			children = (
				5891CD852614BC3A00CF1076 /* Main.storyboard */,
				5891537A2618D59A003A3EAC /* FileTableViewCell.xib */,
				589153802618F60F003A3EAC /* CommentTableViewCell.xib */,
			);
			path = View;
			sourceTree = "<group>";
		};
		589152AD26150725003A3EAC /* Controller */ = {
			isa = PBXGroup;
			children = (
				589153BB261984CF003A3EAC /* SignInViewController.swift */,
				5891CD832614BC3A00CF1076 /* ScanViewController.swift */,
				589153132616584F003A3EAC /* GistViewController.swift */,
				58915371261847F3003A3EAC /* SpinnerViewController.swift */,
				589153792618D59A003A3EAC /* FileTableViewCell.swift */,
				5891537F2618F60F003A3EAC /* CommentTableViewCell.swift */,
			);
			path = Controller;
			sourceTree = "<group>";
		};
		589152AE26150761003A3EAC /* Supporting Files */ = {
			isa = PBXGroup;
			children = (
				5891CD882614BC3E00CF1076 /* Assets.xcassets */,
				5891CD8A2614BC3E00CF1076 /* LaunchScreen.storyboard */,
				589152B92615098E003A3EAC /* Constants.swift */,
			);
			path = "Supporting Files";
			sourceTree = "<group>";
		};
		589152AF26150788003A3EAC /* Model */ = {
			isa = PBXGroup;
			children = (
				589152B626150918003A3EAC /* GistManager.swift */,
				589153172616BEBD003A3EAC /* GistBuilder.swift */,
				589152B0261507AA003A3EAC /* Gist.swift */,
				5891535E2617FF28003A3EAC /* GistComment.swift */,
				589153612617FF4D003A3EAC /* GistCommit.swift */,
				589153642617FF5D003A3EAC /* GistFile.swift */,
				58C84A97261BF639009E0C9C /* UserAuthSingleton.swift */,
			);
			path = Model;
			sourceTree = "<group>";
		};
		5891532E2617BB35003A3EAC /* Networking */ = {
			isa = PBXGroup;
			children = (
				5891532F2617BC80003A3EAC /* Services */,
			);
			path = Networking;
			sourceTree = "<group>";
		};
		5891532F2617BC80003A3EAC /* Services */ = {
			isa = PBXGroup;
			children = (
				589153302617BD29003A3EAC /* GistServices.swift */,
			);
			path = Services;
			sourceTree = "<group>";
		};
		5891CD732614BC3A00CF1076 = {
			isa = PBXGroup;
			children = (
				5891CD7E2614BC3A00CF1076 /* GistGG */,
				94188954268E216200FE8C0A /* Domain */,
				94188969268E4FD000FE8C0A /* Data */,
				94188974268E4FD000FE8C0A /* DataTests */,
				5891CD7D2614BC3A00CF1076 /* Products */,
				9418897F268E50D400FE8C0A /* Frameworks */,
			);
			sourceTree = "<group>";
		};
		5891CD7D2614BC3A00CF1076 /* Products */ = {
			isa = PBXGroup;
			children = (
				5891CD7C2614BC3A00CF1076 /* GistGG.app */,
				94188953268E216100FE8C0A /* Domain.framework */,
				94188968268E4FD000FE8C0A /* Data.framework */,
				94188970268E4FD000FE8C0A /* DataTests.xctest */,
			);
			name = Products;
			sourceTree = "<group>";
		};
		5891CD7E2614BC3A00CF1076 /* GistGG */ = {
			isa = PBXGroup;
			children = (
				5891CD7F2614BC3A00CF1076 /* AppDelegate.swift */,
				5891CD812614BC3A00CF1076 /* SceneDelegate.swift */,
				5891CD8D2614BC3E00CF1076 /* Info.plist */,
				589153B826197F2F003A3EAC /* GoogleService-Info.plist */,
				589153C6261AD63C003A3EAC /* Font Awesome 5 Brands Regular.ttf */,
				589152AF26150788003A3EAC /* Model */,
				589152AC2615071C003A3EAC /* View */,
				589152AD26150725003A3EAC /* Controller */,
				5891532E2617BB35003A3EAC /* Networking */,
				589152AE26150761003A3EAC /* Supporting Files */,
			);
			path = GistGG;
			sourceTree = "<group>";
		};
		94188954268E216200FE8C0A /* Domain */ = {
			isa = PBXGroup;
			children = (
				94188960268E4D4F00FE8C0A /* UseCases */,
				9418895F268E4D1C00FE8C0A /* Models */,
				94188956268E216200FE8C0A /* Info.plist */,
			);
			path = Domain;
			sourceTree = "<group>";
		};
		9418895F268E4D1C00FE8C0A /* Models */ = {
			isa = PBXGroup;
			children = (
				94188961268E4ED000FE8C0A /* AccountModel.swift */,
			);
			path = Models;
			sourceTree = "<group>";
		};
		94188960268E4D4F00FE8C0A /* UseCases */ = {
			isa = PBXGroup;
			children = (
				9418895B268E21D100FE8C0A /* Authentication.swift */,
			);
			path = UseCases;
			sourceTree = "<group>";
		};
		94188969268E4FD000FE8C0A /* Data */ = {
			isa = PBXGroup;
			children = (
				9418896B268E4FD000FE8C0A /* Info.plist */,
			);
			path = Data;
			sourceTree = "<group>";
		};
		94188974268E4FD000FE8C0A /* DataTests */ = {
			isa = PBXGroup;
			children = (
				94188975268E4FD000FE8C0A /* DataTests.swift */,
				94188977268E4FD100FE8C0A /* Info.plist */,
			);
			path = DataTests;
			sourceTree = "<group>";
		};
		9418897F268E50D400FE8C0A /* Frameworks */ = {
			isa = PBXGroup;
			children = (
			);
			name = Frameworks;
			sourceTree = "<group>";
		};
/* End PBXGroup section */

/* Begin PBXHeadersBuildPhase section */
		9418894E268E216100FE8C0A /* Headers */ = {
			isa = PBXHeadersBuildPhase;
			buildActionMask = 2147483647;
			files = (
			);
			runOnlyForDeploymentPostprocessing = 0;
		};
		94188963268E4FD000FE8C0A /* Headers */ = {
			isa = PBXHeadersBuildPhase;
			buildActionMask = 2147483647;
			files = (
			);
			runOnlyForDeploymentPostprocessing = 0;
		};
/* End PBXHeadersBuildPhase section */

/* Begin PBXNativeTarget section */
		5891CD7B2614BC3A00CF1076 /* GistGG */ = {
			isa = PBXNativeTarget;
			buildConfigurationList = 5891CD902614BC3E00CF1076 /* Build configuration list for PBXNativeTarget "GistGG" */;
			buildPhases = (
				5891CD782614BC3A00CF1076 /* Sources */,
				5891CD792614BC3A00CF1076 /* Frameworks */,
				5891CD7A2614BC3A00CF1076 /* Resources */,
				58C84AAA261C4877009E0C9C /* Embed Frameworks */,
			);
			buildRules = (
			);
			dependencies = (
			);
			name = GistGG;
			productName = GistGG;
			productReference = 5891CD7C2614BC3A00CF1076 /* GistGG.app */;
			productType = "com.apple.product-type.application";
		};
		94188952268E216100FE8C0A /* Domain */ = {
			isa = PBXNativeTarget;
			buildConfigurationList = 9418895A268E216200FE8C0A /* Build configuration list for PBXNativeTarget "Domain" */;
			buildPhases = (
				9418894E268E216100FE8C0A /* Headers */,
				9418894F268E216100FE8C0A /* Sources */,
				94188950268E216100FE8C0A /* Frameworks */,
				94188951268E216100FE8C0A /* Resources */,
			);
			buildRules = (
			);
			dependencies = (
			);
			name = Domain;
			productName = Domain;
			productReference = 94188953268E216100FE8C0A /* Domain.framework */;
			productType = "com.apple.product-type.framework";
		};
		94188967268E4FD000FE8C0A /* Data */ = {
			isa = PBXNativeTarget;
			buildConfigurationList = 94188979268E4FD100FE8C0A /* Build configuration list for PBXNativeTarget "Data" */;
			buildPhases = (
				94188963268E4FD000FE8C0A /* Headers */,
				94188964268E4FD000FE8C0A /* Sources */,
				94188965268E4FD000FE8C0A /* Frameworks */,
				94188966268E4FD000FE8C0A /* Resources */,
				94188984268E50D500FE8C0A /* Embed Frameworks */,
			);
			buildRules = (
			);
			dependencies = (
				94188983268E50D400FE8C0A /* PBXTargetDependency */,
			);
			name = Data;
			productName = Data;
			productReference = 94188968268E4FD000FE8C0A /* Data.framework */;
			productType = "com.apple.product-type.framework";
		};
		9418896F268E4FD000FE8C0A /* DataTests */ = {
			isa = PBXNativeTarget;
			buildConfigurationList = 9418897C268E4FD100FE8C0A /* Build configuration list for PBXNativeTarget "DataTests" */;
			buildPhases = (
				9418896C268E4FD000FE8C0A /* Sources */,
				9418896D268E4FD000FE8C0A /* Frameworks */,
				9418896E268E4FD000FE8C0A /* Resources */,
			);
			buildRules = (
			);
			dependencies = (
				94188973268E4FD000FE8C0A /* PBXTargetDependency */,
			);
			name = DataTests;
			productName = DataTests;
			productReference = 94188970268E4FD000FE8C0A /* DataTests.xctest */;
			productType = "com.apple.product-type.bundle.unit-test";
		};
/* End PBXNativeTarget section */

/* Begin PBXProject section */
		5891CD742614BC3A00CF1076 /* Project object */ = {
			isa = PBXProject;
			attributes = {
				LastSwiftUpdateCheck = 1250;
				LastUpgradeCheck = 1240;
				TargetAttributes = {
					5891CD7B2614BC3A00CF1076 = {
						CreatedOnToolsVersion = 12.4;
					};
					94188952268E216100FE8C0A = {
						CreatedOnToolsVersion = 12.5.1;
						LastSwiftMigration = 1250;
					};
					94188967268E4FD000FE8C0A = {
						CreatedOnToolsVersion = 12.5.1;
					};
					9418896F268E4FD000FE8C0A = {
						CreatedOnToolsVersion = 12.5.1;
					};
				};
			};
			buildConfigurationList = 5891CD772614BC3A00CF1076 /* Build configuration list for PBXProject "GistGG" */;
			compatibilityVersion = "Xcode 9.3";
			developmentRegion = en;
			hasScannedForEncodings = 0;
			knownRegions = (
				en,
				Base,
			);
			mainGroup = 5891CD732614BC3A00CF1076;
			productRefGroup = 5891CD7D2614BC3A00CF1076 /* Products */;
			projectDirPath = "";
			projectRoot = "";
			targets = (
				5891CD7B2614BC3A00CF1076 /* GistGG */,
				94188952268E216100FE8C0A /* Domain */,
				94188967268E4FD000FE8C0A /* Data */,
				9418896F268E4FD000FE8C0A /* DataTests */,
			);
		};
/* End PBXProject section */

/* Begin PBXResourcesBuildPhase section */
		5891CD7A2614BC3A00CF1076 /* Resources */ = {
			isa = PBXResourcesBuildPhase;
			buildActionMask = 2147483647;
			files = (
				5891CD8C2614BC3E00CF1076 /* LaunchScreen.storyboard in Resources */,
				5891537C2618D59B003A3EAC /* FileTableViewCell.xib in Resources */,
				589153C7261AD63C003A3EAC /* Font Awesome 5 Brands Regular.ttf in Resources */,
				5891CD892614BC3E00CF1076 /* Assets.xcassets in Resources */,
				5891CD872614BC3A00CF1076 /* Main.storyboard in Resources */,
				589153822618F60F003A3EAC /* CommentTableViewCell.xib in Resources */,
				589153B926197F2F003A3EAC /* GoogleService-Info.plist in Resources */,
			);
			runOnlyForDeploymentPostprocessing = 0;
		};
		94188951268E216100FE8C0A /* Resources */ = {
			isa = PBXResourcesBuildPhase;
			buildActionMask = 2147483647;
			files = (
			);
			runOnlyForDeploymentPostprocessing = 0;
		};
		94188966268E4FD000FE8C0A /* Resources */ = {
			isa = PBXResourcesBuildPhase;
			buildActionMask = 2147483647;
			files = (
			);
			runOnlyForDeploymentPostprocessing = 0;
		};
		9418896E268E4FD000FE8C0A /* Resources */ = {
			isa = PBXResourcesBuildPhase;
			buildActionMask = 2147483647;
			files = (
			);
			runOnlyForDeploymentPostprocessing = 0;
		};
/* End PBXResourcesBuildPhase section */

/* Begin PBXSourcesBuildPhase section */
		5891CD782614BC3A00CF1076 /* Sources */ = {
			isa = PBXSourcesBuildPhase;
			buildActionMask = 2147483647;
			files = (
				589153652617FF5D003A3EAC /* GistFile.swift in Sources */,
				5891537B2618D59B003A3EAC /* FileTableViewCell.swift in Sources */,
				589152B726150918003A3EAC /* GistManager.swift in Sources */,
				589153142616584F003A3EAC /* GistViewController.swift in Sources */,
				58915372261847F3003A3EAC /* SpinnerViewController.swift in Sources */,
				589153622617FF4D003A3EAC /* GistCommit.swift in Sources */,
				589153182616BEBD003A3EAC /* GistBuilder.swift in Sources */,
				58C84A98261BF639009E0C9C /* UserAuthSingleton.swift in Sources */,
				589153812618F60F003A3EAC /* CommentTableViewCell.swift in Sources */,
				589152B1261507AA003A3EAC /* Gist.swift in Sources */,
				5891CD842614BC3A00CF1076 /* ScanViewController.swift in Sources */,
				5891535F2617FF28003A3EAC /* GistComment.swift in Sources */,
				589152BA2615098E003A3EAC /* Constants.swift in Sources */,
				5891CD802614BC3A00CF1076 /* AppDelegate.swift in Sources */,
				589153BC261984CF003A3EAC /* SignInViewController.swift in Sources */,
				589153312617BD29003A3EAC /* GistServices.swift in Sources */,
				5891CD822614BC3A00CF1076 /* SceneDelegate.swift in Sources */,
			);
			runOnlyForDeploymentPostprocessing = 0;
		};
		9418894F268E216100FE8C0A /* Sources */ = {
			isa = PBXSourcesBuildPhase;
			buildActionMask = 2147483647;
			files = (
				9418895C268E21D100FE8C0A /* Authentication.swift in Sources */,
				94188962268E4ED000FE8C0A /* AccountModel.swift in Sources */,
			);
			runOnlyForDeploymentPostprocessing = 0;
		};
		94188964268E4FD000FE8C0A /* Sources */ = {
			isa = PBXSourcesBuildPhase;
			buildActionMask = 2147483647;
			files = (
			);
			runOnlyForDeploymentPostprocessing = 0;
		};
		9418896C268E4FD000FE8C0A /* Sources */ = {
			isa = PBXSourcesBuildPhase;
			buildActionMask = 2147483647;
			files = (
				94188976268E4FD000FE8C0A /* DataTests.swift in Sources */,
			);
			runOnlyForDeploymentPostprocessing = 0;
		};
/* End PBXSourcesBuildPhase section */

/* Begin PBXTargetDependency section */
		94188973268E4FD000FE8C0A /* PBXTargetDependency */ = {
			isa = PBXTargetDependency;
			target = 94188967268E4FD000FE8C0A /* Data */;
			targetProxy = 94188972268E4FD000FE8C0A /* PBXContainerItemProxy */;
		};
		94188983268E50D400FE8C0A /* PBXTargetDependency */ = {
			isa = PBXTargetDependency;
			target = 94188952268E216100FE8C0A /* Domain */;
			targetProxy = 94188982268E50D400FE8C0A /* PBXContainerItemProxy */;
		};
/* End PBXTargetDependency section */

/* Begin PBXVariantGroup section */
		5891CD852614BC3A00CF1076 /* Main.storyboard */ = {
			isa = PBXVariantGroup;
			children = (
				5891CD862614BC3A00CF1076 /* Base */,
			);
			name = Main.storyboard;
			sourceTree = "<group>";
		};
		5891CD8A2614BC3E00CF1076 /* LaunchScreen.storyboard */ = {
			isa = PBXVariantGroup;
			children = (
				5891CD8B2614BC3E00CF1076 /* Base */,
			);
			name = LaunchScreen.storyboard;
			sourceTree = "<group>";
		};
/* End PBXVariantGroup section */

/* Begin XCBuildConfiguration section */
		5891CD8E2614BC3E00CF1076 /* Debug */ = {
			isa = XCBuildConfiguration;
			buildSettings = {
				ALWAYS_SEARCH_USER_PATHS = NO;
				CLANG_ANALYZER_NONNULL = YES;
				CLANG_ANALYZER_NUMBER_OBJECT_CONVERSION = YES_AGGRESSIVE;
				CLANG_CXX_LANGUAGE_STANDARD = "gnu++14";
				CLANG_CXX_LIBRARY = "libc++";
				CLANG_ENABLE_MODULES = YES;
				CLANG_ENABLE_OBJC_ARC = YES;
				CLANG_ENABLE_OBJC_WEAK = YES;
				CLANG_WARN_BLOCK_CAPTURE_AUTORELEASING = YES;
				CLANG_WARN_BOOL_CONVERSION = YES;
				CLANG_WARN_COMMA = YES;
				CLANG_WARN_CONSTANT_CONVERSION = YES;
				CLANG_WARN_DEPRECATED_OBJC_IMPLEMENTATIONS = YES;
				CLANG_WARN_DIRECT_OBJC_ISA_USAGE = YES_ERROR;
				CLANG_WARN_DOCUMENTATION_COMMENTS = YES;
				CLANG_WARN_EMPTY_BODY = YES;
				CLANG_WARN_ENUM_CONVERSION = YES;
				CLANG_WARN_INFINITE_RECURSION = YES;
				CLANG_WARN_INT_CONVERSION = YES;
				CLANG_WARN_NON_LITERAL_NULL_CONVERSION = YES;
				CLANG_WARN_OBJC_IMPLICIT_RETAIN_SELF = YES;
				CLANG_WARN_OBJC_LITERAL_CONVERSION = YES;
				CLANG_WARN_OBJC_ROOT_CLASS = YES_ERROR;
				CLANG_WARN_QUOTED_INCLUDE_IN_FRAMEWORK_HEADER = YES;
				CLANG_WARN_RANGE_LOOP_ANALYSIS = YES;
				CLANG_WARN_STRICT_PROTOTYPES = YES;
				CLANG_WARN_SUSPICIOUS_MOVE = YES;
				CLANG_WARN_UNGUARDED_AVAILABILITY = YES_AGGRESSIVE;
				CLANG_WARN_UNREACHABLE_CODE = YES;
				CLANG_WARN__DUPLICATE_METHOD_MATCH = YES;
				COPY_PHASE_STRIP = NO;
				DEBUG_INFORMATION_FORMAT = dwarf;
				ENABLE_STRICT_OBJC_MSGSEND = YES;
				ENABLE_TESTABILITY = YES;
				GCC_C_LANGUAGE_STANDARD = gnu11;
				GCC_DYNAMIC_NO_PIC = NO;
				GCC_NO_COMMON_BLOCKS = YES;
				GCC_OPTIMIZATION_LEVEL = 0;
				GCC_PREPROCESSOR_DEFINITIONS = (
					"DEBUG=1",
					"$(inherited)",
				);
				GCC_WARN_64_TO_32_BIT_CONVERSION = YES;
				GCC_WARN_ABOUT_RETURN_TYPE = YES_ERROR;
				GCC_WARN_UNDECLARED_SELECTOR = YES;
				GCC_WARN_UNINITIALIZED_AUTOS = YES_AGGRESSIVE;
				GCC_WARN_UNUSED_FUNCTION = YES;
				GCC_WARN_UNUSED_VARIABLE = YES;
				IPHONEOS_DEPLOYMENT_TARGET = 14.4;
				MTL_ENABLE_DEBUG_INFO = INCLUDE_SOURCE;
				MTL_FAST_MATH = YES;
				ONLY_ACTIVE_ARCH = YES;
				SDKROOT = iphoneos;
				SWIFT_ACTIVE_COMPILATION_CONDITIONS = DEBUG;
				SWIFT_OPTIMIZATION_LEVEL = "-Onone";
			};
			name = Debug;
		};
		5891CD8F2614BC3E00CF1076 /* Release */ = {
			isa = XCBuildConfiguration;
			buildSettings = {
				ALWAYS_SEARCH_USER_PATHS = NO;
				CLANG_ANALYZER_NONNULL = YES;
				CLANG_ANALYZER_NUMBER_OBJECT_CONVERSION = YES_AGGRESSIVE;
				CLANG_CXX_LANGUAGE_STANDARD = "gnu++14";
				CLANG_CXX_LIBRARY = "libc++";
				CLANG_ENABLE_MODULES = YES;
				CLANG_ENABLE_OBJC_ARC = YES;
				CLANG_ENABLE_OBJC_WEAK = YES;
				CLANG_WARN_BLOCK_CAPTURE_AUTORELEASING = YES;
				CLANG_WARN_BOOL_CONVERSION = YES;
				CLANG_WARN_COMMA = YES;
				CLANG_WARN_CONSTANT_CONVERSION = YES;
				CLANG_WARN_DEPRECATED_OBJC_IMPLEMENTATIONS = YES;
				CLANG_WARN_DIRECT_OBJC_ISA_USAGE = YES_ERROR;
				CLANG_WARN_DOCUMENTATION_COMMENTS = YES;
				CLANG_WARN_EMPTY_BODY = YES;
				CLANG_WARN_ENUM_CONVERSION = YES;
				CLANG_WARN_INFINITE_RECURSION = YES;
				CLANG_WARN_INT_CONVERSION = YES;
				CLANG_WARN_NON_LITERAL_NULL_CONVERSION = YES;
				CLANG_WARN_OBJC_IMPLICIT_RETAIN_SELF = YES;
				CLANG_WARN_OBJC_LITERAL_CONVERSION = YES;
				CLANG_WARN_OBJC_ROOT_CLASS = YES_ERROR;
				CLANG_WARN_QUOTED_INCLUDE_IN_FRAMEWORK_HEADER = YES;
				CLANG_WARN_RANGE_LOOP_ANALYSIS = YES;
				CLANG_WARN_STRICT_PROTOTYPES = YES;
				CLANG_WARN_SUSPICIOUS_MOVE = YES;
				CLANG_WARN_UNGUARDED_AVAILABILITY = YES_AGGRESSIVE;
				CLANG_WARN_UNREACHABLE_CODE = YES;
				CLANG_WARN__DUPLICATE_METHOD_MATCH = YES;
				COPY_PHASE_STRIP = NO;
				DEBUG_INFORMATION_FORMAT = "dwarf-with-dsym";
				ENABLE_NS_ASSERTIONS = NO;
				ENABLE_STRICT_OBJC_MSGSEND = YES;
				GCC_C_LANGUAGE_STANDARD = gnu11;
				GCC_NO_COMMON_BLOCKS = YES;
				GCC_WARN_64_TO_32_BIT_CONVERSION = YES;
				GCC_WARN_ABOUT_RETURN_TYPE = YES_ERROR;
				GCC_WARN_UNDECLARED_SELECTOR = YES;
				GCC_WARN_UNINITIALIZED_AUTOS = YES_AGGRESSIVE;
				GCC_WARN_UNUSED_FUNCTION = YES;
				GCC_WARN_UNUSED_VARIABLE = YES;
				IPHONEOS_DEPLOYMENT_TARGET = 14.4;
				MTL_ENABLE_DEBUG_INFO = NO;
				MTL_FAST_MATH = YES;
				SDKROOT = iphoneos;
				SWIFT_COMPILATION_MODE = wholemodule;
				SWIFT_OPTIMIZATION_LEVEL = "-O";
				VALIDATE_PRODUCT = YES;
			};
			name = Release;
		};
		5891CD912614BC3E00CF1076 /* Debug */ = {
			isa = XCBuildConfiguration;
			buildSettings = {
				ASSETCATALOG_COMPILER_APPICON_NAME = AppIcon;
				ASSETCATALOG_COMPILER_GLOBAL_ACCENT_COLOR_NAME = AccentColor;
				CODE_SIGN_STYLE = Automatic;
				DEVELOPMENT_TEAM = LL58L6LFQ6;
				INFOPLIST_FILE = GistGG/Info.plist;
				LD_RUNPATH_SEARCH_PATHS = (
					"$(inherited)",
					"@executable_path/Frameworks",
				);
				PRODUCT_BUNDLE_IDENTIFIER = com.IsaacCavalcante.GistGG;
				PRODUCT_NAME = "$(TARGET_NAME)";
				SWIFT_VERSION = 5.0;
				TARGETED_DEVICE_FAMILY = 1;
			};
			name = Debug;
		};
		5891CD922614BC3E00CF1076 /* Release */ = {
			isa = XCBuildConfiguration;
			buildSettings = {
				ASSETCATALOG_COMPILER_APPICON_NAME = AppIcon;
				ASSETCATALOG_COMPILER_GLOBAL_ACCENT_COLOR_NAME = AccentColor;
				CODE_SIGN_STYLE = Automatic;
				DEVELOPMENT_TEAM = LL58L6LFQ6;
				INFOPLIST_FILE = GistGG/Info.plist;
				LD_RUNPATH_SEARCH_PATHS = (
					"$(inherited)",
					"@executable_path/Frameworks",
				);
				PRODUCT_BUNDLE_IDENTIFIER = com.IsaacCavalcante.GistGG;
				PRODUCT_NAME = "$(TARGET_NAME)";
				SWIFT_VERSION = 5.0;
				TARGETED_DEVICE_FAMILY = 1;
			};
			name = Release;
		};
		94188958268E216200FE8C0A /* Debug */ = {
			isa = XCBuildConfiguration;
			buildSettings = {
				CLANG_ENABLE_MODULES = YES;
				CODE_SIGN_STYLE = Automatic;
				COMBINE_HIDPI_IMAGES = YES;
				CURRENT_PROJECT_VERSION = 1;
				DEFINES_MODULE = YES;
				DYLIB_COMPATIBILITY_VERSION = 1;
				DYLIB_CURRENT_VERSION = 1;
				DYLIB_INSTALL_NAME_BASE = "@rpath";
				INFOPLIST_FILE = Domain/Info.plist;
				INSTALL_PATH = "$(LOCAL_LIBRARY_DIR)/Frameworks";
				LD_RUNPATH_SEARCH_PATHS = (
					"$(inherited)",
					"@executable_path/../Frameworks",
					"@loader_path/Frameworks",
				);
				MACOSX_DEPLOYMENT_TARGET = 11.3;
				PRODUCT_BUNDLE_IDENTIFIER = com.isaac.app.Domain;
				PRODUCT_NAME = "$(TARGET_NAME:c99extidentifier)";
				SDKROOT = macosx;
				SKIP_INSTALL = YES;
				SWIFT_OPTIMIZATION_LEVEL = "-Onone";
				SWIFT_VERSION = 5.0;
				VERSIONING_SYSTEM = "apple-generic";
				VERSION_INFO_PREFIX = "";
			};
			name = Debug;
		};
		94188959268E216200FE8C0A /* Release */ = {
			isa = XCBuildConfiguration;
			buildSettings = {
				CLANG_ENABLE_MODULES = YES;
				CODE_SIGN_STYLE = Automatic;
				COMBINE_HIDPI_IMAGES = YES;
				CURRENT_PROJECT_VERSION = 1;
				DEFINES_MODULE = YES;
				DYLIB_COMPATIBILITY_VERSION = 1;
				DYLIB_CURRENT_VERSION = 1;
				DYLIB_INSTALL_NAME_BASE = "@rpath";
				INFOPLIST_FILE = Domain/Info.plist;
				INSTALL_PATH = "$(LOCAL_LIBRARY_DIR)/Frameworks";
				LD_RUNPATH_SEARCH_PATHS = (
					"$(inherited)",
					"@executable_path/../Frameworks",
					"@loader_path/Frameworks",
				);
				MACOSX_DEPLOYMENT_TARGET = 11.3;
				PRODUCT_BUNDLE_IDENTIFIER = com.isaac.app.Domain;
				PRODUCT_NAME = "$(TARGET_NAME:c99extidentifier)";
				SDKROOT = macosx;
				SKIP_INSTALL = YES;
				SWIFT_VERSION = 5.0;
				VERSIONING_SYSTEM = "apple-generic";
				VERSION_INFO_PREFIX = "";
			};
			name = Release;
		};
		9418897A268E4FD100FE8C0A /* Debug */ = {
			isa = XCBuildConfiguration;
			buildSettings = {
				CODE_SIGN_STYLE = Automatic;
				COMBINE_HIDPI_IMAGES = YES;
				CURRENT_PROJECT_VERSION = 1;
				DEFINES_MODULE = YES;
				DYLIB_COMPATIBILITY_VERSION = 1;
				DYLIB_CURRENT_VERSION = 1;
				DYLIB_INSTALL_NAME_BASE = "@rpath";
				INFOPLIST_FILE = Data/Info.plist;
				INSTALL_PATH = "$(LOCAL_LIBRARY_DIR)/Frameworks";
				LD_RUNPATH_SEARCH_PATHS = (
					"$(inherited)",
					"@executable_path/../Frameworks",
					"@loader_path/Frameworks",
				);
				MACOSX_DEPLOYMENT_TARGET = 11.3;
				PRODUCT_BUNDLE_IDENTIFIER = com.isaac.app.Data;
				PRODUCT_NAME = "$(TARGET_NAME:c99extidentifier)";
				SDKROOT = macosx;
				SKIP_INSTALL = YES;
				SWIFT_VERSION = 5.0;
				VERSIONING_SYSTEM = "apple-generic";
				VERSION_INFO_PREFIX = "";
			};
			name = Debug;
		};
		9418897B268E4FD100FE8C0A /* Release */ = {
			isa = XCBuildConfiguration;
			buildSettings = {
				CODE_SIGN_STYLE = Automatic;
				COMBINE_HIDPI_IMAGES = YES;
				CURRENT_PROJECT_VERSION = 1;
				DEFINES_MODULE = YES;
				DYLIB_COMPATIBILITY_VERSION = 1;
				DYLIB_CURRENT_VERSION = 1;
				DYLIB_INSTALL_NAME_BASE = "@rpath";
				INFOPLIST_FILE = Data/Info.plist;
				INSTALL_PATH = "$(LOCAL_LIBRARY_DIR)/Frameworks";
				LD_RUNPATH_SEARCH_PATHS = (
					"$(inherited)",
					"@executable_path/../Frameworks",
					"@loader_path/Frameworks",
				);
				MACOSX_DEPLOYMENT_TARGET = 11.3;
				PRODUCT_BUNDLE_IDENTIFIER = com.isaac.app.Data;
				PRODUCT_NAME = "$(TARGET_NAME:c99extidentifier)";
				SDKROOT = macosx;
				SKIP_INSTALL = YES;
				SWIFT_VERSION = 5.0;
				VERSIONING_SYSTEM = "apple-generic";
				VERSION_INFO_PREFIX = "";
			};
			name = Release;
		};
		9418897D268E4FD100FE8C0A /* Debug */ = {
			isa = XCBuildConfiguration;
			buildSettings = {
				CODE_SIGN_STYLE = Automatic;
				COMBINE_HIDPI_IMAGES = YES;
				INFOPLIST_FILE = DataTests/Info.plist;
				LD_RUNPATH_SEARCH_PATHS = (
					"$(inherited)",
					"@executable_path/../Frameworks",
					"@loader_path/../Frameworks",
				);
				MACOSX_DEPLOYMENT_TARGET = 11.3;
				PRODUCT_BUNDLE_IDENTIFIER = com.isaac.app.DataTests;
				PRODUCT_NAME = "$(TARGET_NAME)";
				SDKROOT = macosx;
				SWIFT_VERSION = 5.0;
			};
			name = Debug;
		};
		9418897E268E4FD100FE8C0A /* Release */ = {
			isa = XCBuildConfiguration;
			buildSettings = {
				CODE_SIGN_STYLE = Automatic;
				COMBINE_HIDPI_IMAGES = YES;
				INFOPLIST_FILE = DataTests/Info.plist;
				LD_RUNPATH_SEARCH_PATHS = (
					"$(inherited)",
					"@executable_path/../Frameworks",
					"@loader_path/../Frameworks",
				);
				MACOSX_DEPLOYMENT_TARGET = 11.3;
				PRODUCT_BUNDLE_IDENTIFIER = com.isaac.app.DataTests;
				PRODUCT_NAME = "$(TARGET_NAME)";
				SDKROOT = macosx;
				SWIFT_VERSION = 5.0;
			};
			name = Release;
		};
/* End XCBuildConfiguration section */

/* Begin XCConfigurationList section */
		5891CD772614BC3A00CF1076 /* Build configuration list for PBXProject "GistGG" */ = {
			isa = XCConfigurationList;
			buildConfigurations = (
				5891CD8E2614BC3E00CF1076 /* Debug */,
				5891CD8F2614BC3E00CF1076 /* Release */,
			);
			defaultConfigurationIsVisible = 0;
			defaultConfigurationName = Release;
		};
		5891CD902614BC3E00CF1076 /* Build configuration list for PBXNativeTarget "GistGG" */ = {
			isa = XCConfigurationList;
			buildConfigurations = (
				5891CD912614BC3E00CF1076 /* Debug */,
				5891CD922614BC3E00CF1076 /* Release */,
			);
			defaultConfigurationIsVisible = 0;
			defaultConfigurationName = Release;
		};
		9418895A268E216200FE8C0A /* Build configuration list for PBXNativeTarget "Domain" */ = {
			isa = XCConfigurationList;
			buildConfigurations = (
				94188958268E216200FE8C0A /* Debug */,
				94188959268E216200FE8C0A /* Release */,
			);
			defaultConfigurationIsVisible = 0;
			defaultConfigurationName = Release;
		};
		94188979268E4FD100FE8C0A /* Build configuration list for PBXNativeTarget "Data" */ = {
			isa = XCConfigurationList;
			buildConfigurations = (
				9418897A268E4FD100FE8C0A /* Debug */,
				9418897B268E4FD100FE8C0A /* Release */,
			);
			defaultConfigurationIsVisible = 0;
			defaultConfigurationName = Release;
		};
		9418897C268E4FD100FE8C0A /* Build configuration list for PBXNativeTarget "DataTests" */ = {
			isa = XCConfigurationList;
			buildConfigurations = (
				9418897D268E4FD100FE8C0A /* Debug */,
				9418897E268E4FD100FE8C0A /* Release */,
			);
			defaultConfigurationIsVisible = 0;
			defaultConfigurationName = Release;
		};
/* End XCConfigurationList section */
	};
	rootObject = 5891CD742614BC3A00CF1076 /* Project object */;
}
